Microsoft Visual Studio Solution File, Format Version 12.00
# Visual Studio Version 17
VisualStudioVersion = 17.5.2.0
MinimumVisualStudioVersion = 10.0.40219.1
Project("{FAE04EC0-301F-11D3-BF4B-00C04F79EFBC}") = "BlindBox", "BlindBox.csproj", "{FC27CA81-7DBB-8B78-56DA-23E71CA1B60C}"
EndProject
Global
	GlobalSection(SolutionConfigurationPlatforms) = preSolution
		Debug|Any CPU = Debug|Any CPU
		Release|Any CPU = Release|Any CPU
	EndGlobalSection
	GlobalSection(ProjectConfigurationPlatforms) = postSolution
		{FC27CA81-7DBB-8B78-56DA-23E71CA1B60C}.Debug|Any CPU.ActiveCfg = Debug|Any CPU
		{FC27CA81-7DBB-8B78-56DA-23E71CA1B60C}.Debug|Any CPU.Build.0 = Debug|Any CPU
		{FC27CA81-7DBB-8B78-56DA-23E71CA1B60C}.Release|Any CPU.ActiveCfg = Release|Any CPU
		{FC27CA81-7DBB-8B78-56DA-23E71CA1B60C}.Release|Any CPU.Build.0 = Release|Any CPU
	EndGlobalSection
	GlobalSection(SolutionProperties) = preSolution
		HideSolutionNode = FALSE
	EndGlobalSection
	GlobalSection(ExtensibilityGlobals) = postSolution
		SolutionGuid = {ABDEF323-6273-45A7-A81D-D1CB60EA4B25}
	EndGlobalSection
EndGlobal
